
Microsoft Visual Studio Solution File, Format Version 12.00
# Visual Studio Version 17
VisualStudioVersion = 17.0.31903.59
MinimumVisualStudioVersion = 10.0.40219.1
Project("{2150E333-8FDC-42A3-9474-1A3956D46DE8}") = "src", "src", "{F714EF67-8CB6-4D78-88AF-95D2F8CB4570}"
EndProject
Project("{FAE04EC0-301F-11D3-BF4B-00C04F79EFBC}") = "InvestChainApp.Webapi", "src\InvestChainApp.Webapi\InvestChainApp.Webapi.csproj", "{30E15906-BA63-46EA-84D8-C1EA1E4E0EF4}"
EndProject
Project("{FAE04EC0-301F-11D3-BF4B-00C04F79EFBC}") = "InvestChainApp.Application", "src\InvestChainApp.Application\InvestChainApp.Application.csproj", "{8BE45D58-3BE0-4A05-A700-5C81A9854207}"
EndProject
Project("{2150E333-8FDC-42A3-9474-1A3956D46DE8}") = "test", "test", "{D442B5BE-1EBA-44D6-B6A2-ABEF087C4189}"
EndProject
Project("{FAE04EC0-301F-11D3-BF4B-00C04F79EFBC}") = "InvestChainApp.Application.Tests", "test\InvestChainApp.Application.Tests\InvestChainApp.Application.Tests.csproj", "{57410087-A7D1-4852-A47B-19957BEE3868}"
EndProject
Global
	GlobalSection(SolutionConfigurationPlatforms) = preSolution
		Debug|Any CPU = Debug|Any CPU
		Release|Any CPU = Release|Any CPU
	EndGlobalSection
	GlobalSection(SolutionProperties) = preSolution
		HideSolutionNode = FALSE
	EndGlobalSection
	GlobalSection(ProjectConfigurationPlatforms) = postSolution
		{30E15906-BA63-46EA-84D8-C1EA1E4E0EF4}.Debug|Any CPU.ActiveCfg = Debug|Any CPU
		{30E15906-BA63-46EA-84D8-C1EA1E4E0EF4}.Debug|Any CPU.Build.0 = Debug|Any CPU
		{30E15906-BA63-46EA-84D8-C1EA1E4E0EF4}.Release|Any CPU.ActiveCfg = Release|Any CPU
		{30E15906-BA63-46EA-84D8-C1EA1E4E0EF4}.Release|Any CPU.Build.0 = Release|Any CPU
		{8BE45D58-3BE0-4A05-A700-5C81A9854207}.Debug|Any CPU.ActiveCfg = Debug|Any CPU
		{8BE45D58-3BE0-4A05-A700-5C81A9854207}.Debug|Any CPU.Build.0 = Debug|Any CPU
		{8BE45D58-3BE0-4A05-A700-5C81A9854207}.Release|Any CPU.ActiveCfg = Release|Any CPU
		{8BE45D58-3BE0-4A05-A700-5C81A9854207}.Release|Any CPU.Build.0 = Release|Any CPU
		{57410087-A7D1-4852-A47B-19957BEE3868}.Debug|Any CPU.ActiveCfg = Debug|Any CPU
		{57410087-A7D1-4852-A47B-19957BEE3868}.Debug|Any CPU.Build.0 = Debug|Any CPU
		{57410087-A7D1-4852-A47B-19957BEE3868}.Release|Any CPU.ActiveCfg = Release|Any CPU
		{57410087-A7D1-4852-A47B-19957BEE3868}.Release|Any CPU.Build.0 = Release|Any CPU
	EndGlobalSection
	GlobalSection(NestedProjects) = preSolution
		{30E15906-BA63-46EA-84D8-C1EA1E4E0EF4} = {F714EF67-8CB6-4D78-88AF-95D2F8CB4570}
		{8BE45D58-3BE0-4A05-A700-5C81A9854207} = {F714EF67-8CB6-4D78-88AF-95D2F8CB4570}
		{57410087-A7D1-4852-A47B-19957BEE3868} = {D442B5BE-1EBA-44D6-B6A2-ABEF087C4189}
	EndGlobalSection
EndGlobal
